# This file was autogenerated by Stack.
# You should not edit this file by hand.
# For more information, please see the documentation at:
#   https://docs.haskellstack.org/en/stable/lock_files

packages:
- completed:
    hackage: GaussQuadIntegration-0.1@sha256:332c59cf37c3665c20182cfdd9c1858214cb07c52eccb047d9f28c9e5bc8a701,1694
    pantry-tree:
      sha256: f60a3d7be7444a2d4c239b34cd1814d8ed65e103b97aa4ecfc68c7c6f51f5303
      size: 322
  original:
    hackage: GaussQuadIntegration-0.1
snapshots:
- completed:
    sha256: e176944bc843f740e05242fa7a66ca1f440c127e425254f7f1257f9b19add23f
    size: 712153
    url: https://raw.githubusercontent.com/commercialhaskell/stackage-snapshots/master/lts/22/0.yaml
  original:
    url: https://raw.githubusercontent.com/commercialhaskell/stackage-snapshots/master/lts/22/0.yaml
